// !$*UTF8*$!
{
	archiveVersion = 1;
	classes = {
	};
	objectVersion = 50;
	objects = {

/* Begin PBXBuildFile section */
		8D6E880B286E57BC00D31308 /* AppDelegate.swift in Sources */ = {isa = PBXBuildFile; fileRef = 8D6E880A286E57BC00D31308 /* AppDelegate.swift */; };
		8D6E880D286E57BC00D31308 /* SceneDelegate.swift in Sources */ = {isa = PBXBuildFile; fileRef = 8D6E880C286E57BC00D31308 /* SceneDelegate.swift */; };
		8D6E880F286E57BC00D31308 /* ViewController.swift in Sources */ = {isa = PBXBuildFile; fileRef = 8D6E880E286E57BC00D31308 /* ViewController.swift */; };
		8D6E8812286E57BC00D31308 /* Main.storyboard in Resources */ = {isa = PBXBuildFile; fileRef = 8D6E8810286E57BC00D31308 /* Main.storyboard */; };
		8D6E8814286E57C400D31308 /* Assets.xcassets in Resources */ = {isa = PBXBuildFile; fileRef = 8D6E8813286E57C400D31308 /* Assets.xcassets */; };
		8D6E8817286E57C400D31308 /* LaunchScreen.storyboard in Resources */ = {isa = PBXBuildFile; fileRef = 8D6E8815286E57C400D31308 /* LaunchScreen.storyboard */; };
		8D6E8822286E57C400D31308 /* Audio_RecorderTests.swift in Sources */ = {isa = PBXBuildFile; fileRef = 8D6E8821286E57C400D31308 /* Audio_RecorderTests.swift */; };
		8D6E882D286E57C400D31308 /* Audio_RecorderUITests.swift in Sources */ = {isa = PBXBuildFile; fileRef = 8D6E882C286E57C400D31308 /* Audio_RecorderUITests.swift */; };
/* End PBXBuildFile section */

/* Begin PBXContainerItemProxy section */
		8D6E881E286E57C400D31308 /* PBXContainerItemProxy */ = {
			isa = PBXContainerItemProxy;
			containerPortal = 8D6E87FF286E57BC00D31308 /* Project object */;
			proxyType = 1;
			remoteGlobalIDString = 8D6E8806286E57BC00D31308;
			remoteInfo = "Audio-Recorder";
		};
		8D6E8829286E57C400D31308 /* PBXContainerItemProxy */ = {
			isa = PBXContainerItemProxy;
			containerPortal = 8D6E87FF286E57BC00D31308 /* Project object */;
			proxyType = 1;
			remoteGlobalIDString = 8D6E8806286E57BC00D31308;
			remoteInfo = "Audio-Recorder";
		};
/* End PBXContainerItemProxy section */

/* Begin PBXFileReference section */
		8D6E8807286E57BC00D31308 /* Audio-Recorder.app */ = {isa = PBXFileReference; explicitFileType = wrapper.application; includeInIndex = 0; path = "Audio-Recorder.app"; sourceTree = BUILT_PRODUCTS_DIR; };
		8D6E880A286E57BC00D31308 /* AppDelegate.swift */ = {isa = PBXFileReference; lastKnownFileType = sourcecode.swift; path = AppDelegate.swift; sourceTree = "<group>"; };
		8D6E880C286E57BC00D31308 /* SceneDelegate.swift */ = {isa = PBXFileReference; lastKnownFileType = sourcecode.swift; path = SceneDelegate.swift; sourceTree = "<group>"; };
		8D6E880E286E57BC00D31308 /* ViewController.swift */ = {isa = PBXFileReference; lastKnownFileType = sourcecode.swift; path = ViewController.swift; sourceTree = "<group>"; };
		8D6E8811286E57BC00D31308 /* Base */ = {isa = PBXFileReference; lastKnownFileType = file.storyboard; name = Base; path = Base.lproj/Main.storyboard; sourceTree = "<group>"; };
		8D6E8813286E57C400D31308 /* Assets.xcassets */ = {isa = PBXFileReference; lastKnownFileType = folder.assetcatalog; path = Assets.xcassets; sourceTree = "<group>"; };
		8D6E8816286E57C400D31308 /* Base */ = {isa = PBXFileReference; lastKnownFileType = file.storyboard; name = Base; path = Base.lproj/LaunchScreen.storyboard; sourceTree = "<group>"; };
		8D6E8818286E57C400D31308 /* Info.plist */ = {isa = PBXFileReference; lastKnownFileType = text.plist.xml; path = Info.plist; sourceTree = "<group>"; };
		8D6E881D286E57C400D31308 /* Audio-RecorderTests.xctest */ = {isa = PBXFileReference; explicitFileType = wrapper.cfbundle; includeInIndex = 0; path = "Audio-RecorderTests.xctest"; sourceTree = BUILT_PRODUCTS_DIR; };
		8D6E8821286E57C400D31308 /* Audio_RecorderTests.swift */ = {isa = PBXFileReference; lastKnownFileType = sourcecode.swift; path = Audio_RecorderTests.swift; sourceTree = "<group>"; };
		8D6E8823286E57C400D31308 /* Info.plist */ = {isa = PBXFileReference; lastKnownFileType = text.plist.xml; path = Info.plist; sourceTree = "<group>"; };
		8D6E8828286E57C400D31308 /* Audio-RecorderUITests.xctest */ = {isa = PBXFileReference; explicitFileType = wrapper.cfbundle; includeInIndex = 0; path = "Audio-RecorderUITests.xctest"; sourceTree = BUILT_PRODUCTS_DIR; };
		8D6E882C286E57C400D31308 /* Audio_RecorderUITests.swift */ = {isa = PBXFileReference; lastKnownFileType = sourcecode.swift; path = Audio_RecorderUITests.swift; sourceTree = "<group>"; };
		8D6E882E286E57C400D31308 /* Info.plist */ = {isa = PBXFileReference; lastKnownFileType = text.plist.xml; path = Info.plist; sourceTree = "<group>"; };
/* End PBXFileReference section */

/* Begin PBXFrameworksBuildPhase section */
		8D6E8804286E57BC00D31308 /* Frameworks */ = {
			isa = PBXFrameworksBuildPhase;
			buildActionMask = 2147483647;
			files = (
			);
			runOnlyForDeploymentPostprocessing = 0;
		};
		8D6E881A286E57C400D31308 /* Frameworks */ = {
			isa = PBXFrameworksBuildPhase;
			buildActionMask = 2147483647;
			files = (
			);
			runOnlyForDeploymentPostprocessing = 0;
		};
		8D6E8825286E57C400D31308 /* Frameworks */ = {
			isa = PBXFrameworksBuildPhase;
			buildActionMask = 2147483647;
			files = (
			);
			runOnlyForDeploymentPostprocessing = 0;
		};
/* End PBXFrameworksBuildPhase section */

/* Begin PBXGroup section */
		8D6E87FE286E57BC00D31308 = {
			isa = PBXGroup;
			children = (
				8D6E8809286E57BC00D31308 /* Audio-Recorder */,
				8D6E8820286E57C400D31308 /* Audio-RecorderTests */,
				8D6E882B286E57C400D31308 /* Audio-RecorderUITests */,
				8D6E8808286E57BC00D31308 /* Products */,
			);
			sourceTree = "<group>";
		};
		8D6E8808286E57BC00D31308 /* Products */ = {
			isa = PBXGroup;
			children = (
				8D6E8807286E57BC00D31308 /* Audio-Recorder.app */,
				8D6E881D286E57C400D31308 /* Audio-RecorderTests.xctest */,
				8D6E8828286E57C400D31308 /* Audio-RecorderUITests.xctest */,
			);
			name = Products;
			sourceTree = "<group>";
		};
		8D6E8809286E57BC00D31308 /* Audio-Recorder */ = {
			isa = PBXGroup;
			children = (
				8D6E880A286E57BC00D31308 /* AppDelegate.swift */,
				8D6E880C286E57BC00D31308 /* SceneDelegate.swift */,
				8D6E880E286E57BC00D31308 /* ViewController.swift */,
				8D6E8810286E57BC00D31308 /* Main.storyboard */,
				8D6E8813286E57C400D31308 /* Assets.xcassets */,
				8D6E8815286E57C400D31308 /* LaunchScreen.storyboard */,
				8D6E8818286E57C400D31308 /* Info.plist */,
			);
			path = "Audio-Recorder";
			sourceTree = "<group>";
		};
		8D6E8820286E57C400D31308 /* Audio-RecorderTests */ = {
			isa = PBXGroup;
			children = (
				8D6E8821286E57C400D31308 /* Audio_RecorderTests.swift */,
				8D6E8823286E57C400D31308 /* Info.plist */,
			);
			path = "Audio-RecorderTests";
			sourceTree = "<group>";
		};
		8D6E882B286E57C400D31308 /* Audio-RecorderUITests */ = {
			isa = PBXGroup;
			children = (
				8D6E882C286E57C400D31308 /* Audio_RecorderUITests.swift */,
				8D6E882E286E57C400D31308 /* Info.plist */,
			);
			path = "Audio-RecorderUITests";
			sourceTree = "<group>";
		};
/* End PBXGroup section */

/* Begin PBXNativeTarget section */
		8D6E8806286E57BC00D31308 /* Audio-Recorder */ = {
			isa = PBXNativeTarget;
			buildConfigurationList = 8D6E8831286E57C400D31308 /* Build configuration list for PBXNativeTarget "Audio-Recorder" */;
			buildPhases = (
				8D6E8803286E57BC00D31308 /* Sources */,
				8D6E8804286E57BC00D31308 /* Frameworks */,
				8D6E8805286E57BC00D31308 /* Resources */,
			);
			buildRules = (
			);
			dependencies = (
			);
			name = "Audio-Recorder";
			productName = "Audio-Recorder";
			productReference = 8D6E8807286E57BC00D31308 /* Audio-Recorder.app */;
			productType = "com.apple.product-type.application";
		};
		8D6E881C286E57C400D31308 /* Audio-RecorderTests */ = {
			isa = PBXNativeTarget;
			buildConfigurationList = 8D6E8834286E57C400D31308 /* Build configuration list for PBXNativeTarget "Audio-RecorderTests" */;
			buildPhases = (
				8D6E8819286E57C400D31308 /* Sources */,
				8D6E881A286E57C400D31308 /* Frameworks */,
				8D6E881B286E57C400D31308 /* Resources */,
			);
			buildRules = (
			);
			dependencies = (
				8D6E881F286E57C400D31308 /* PBXTargetDependency */,
			);
			name = "Audio-RecorderTests";
			productName = "Audio-RecorderTests";
			productReference = 8D6E881D286E57C400D31308 /* Audio-RecorderTests.xctest */;
			productType = "com.apple.product-type.bundle.unit-test";
		};
		8D6E8827286E57C400D31308 /* Audio-RecorderUITests */ = {
			isa = PBXNativeTarget;
			buildConfigurationList = 8D6E8837286E57C400D31308 /* Build configuration list for PBXNativeTarget "Audio-RecorderUITests" */;
			buildPhases = (
				8D6E8824286E57C400D31308 /* Sources */,
				8D6E8825286E57C400D31308 /* Frameworks */,
				8D6E8826286E57C400D31308 /* Resources */,
			);
			buildRules = (
			);
			dependencies = (
				8D6E882A286E57C400D31308 /* PBXTargetDependency */,
			);
			name = "Audio-RecorderUITests";
			productName = "Audio-RecorderUITests";
			productReference = 8D6E8828286E57C400D31308 /* Audio-RecorderUITests.xctest */;
			productType = "com.apple.product-type.bundle.ui-testing";
		};
/* End PBXNativeTarget section */

/* Begin PBXProject section */
		8D6E87FF286E57BC00D31308 /* Project object */ = {
			isa = PBXProject;
			attributes = {
				LastSwiftUpdateCheck = 1240;
				LastUpgradeCheck = 1240;
				TargetAttributes = {
					8D6E8806286E57BC00D31308 = {
						CreatedOnToolsVersion = 12.4;
					};
					8D6E881C286E57C400D31308 = {
						CreatedOnToolsVersion = 12.4;
						TestTargetID = 8D6E8806286E57BC00D31308;
					};
					8D6E8827286E57C400D31308 = {
						CreatedOnToolsVersion = 12.4;
						TestTargetID = 8D6E8806286E57BC00D31308;
					};
				};
			};
			buildConfigurationList = 8D6E8802286E57BC00D31308 /* Build configuration list for PBXProject "Audio-Recorder" */;
			compatibilityVersion = "Xcode 9.3";
			developmentRegion = en;
			hasScannedForEncodings = 0;
			knownRegions = (
				en,
				Base,
			);
			mainGroup = 8D6E87FE286E57BC00D31308;
			productRefGroup = 8D6E8808286E57BC00D31308 /* Products */;
			projectDirPath = "";
			projectRoot = "";
			targets = (
				8D6E8806286E57BC00D31308 /* Audio-Recorder */,
				8D6E881C286E57C400D31308 /* Audio-RecorderTests */,
				8D6E8827286E57C400D31308 /* Audio-RecorderUITests */,
			);
		};
/* End PBXProject section */

/* Begin PBXResourcesBuildPhase section */
		8D6E8805286E57BC00D31308 /* Resources */ = {
			isa = PBXResourcesBuildPhase;
			buildActionMask = 2147483647;
			files = (
				8D6E8817286E57C400D31308 /* LaunchScreen.storyboard in Resources */,
				8D6E8814286E57C400D31308 /* Assets.xcassets in Resources */,
				8D6E8812286E57BC00D31308 /* Main.storyboard in Resources */,
			);
			runOnlyForDeploymentPostprocessing = 0;
		};
		8D6E881B286E57C400D31308 /* Resources */ = {
			isa = PBXResourcesBuildPhase;
			buildActionMask = 2147483647;
			files = (
			);
			runOnlyForDeploymentPostprocessing = 0;
		};
		8D6E8826286E57C400D31308 /* Resources */ = {
			isa = PBXResourcesBuildPhase;
			buildActionMask = 2147483647;
			files = (
			);
			runOnlyForDeploymentPostprocessing = 0;
		};
/* End PBXResourcesBuildPhase section */

/* Begin PBXSourcesBuildPhase section */
		8D6E8803286E57BC00D31308 /* Sources */ = {
			isa = PBXSourcesBuildPhase;
			buildActionMask = 2147483647;
			files = (
				8D6E880F286E57BC00D31308 /* ViewController.swift in Sources */,
				8D6E880B286E57BC00D31308 /* AppDelegate.swift in Sources */,
				8D6E880D286E57BC00D31308 /* SceneDelegate.swift in Sources */,
			);
			runOnlyForDeploymentPostprocessing = 0;
		};
		8D6E8819286E57C400D31308 /* Sources */ = {
			isa = PBXSourcesBuildPhase;
			buildActionMask = 2147483647;
			files = (
				8D6E8822286E57C400D31308 /* Audio_RecorderTests.swift in Sources */,
			);
			runOnlyForDeploymentPostprocessing = 0;
		};
		8D6E8824286E57C400D31308 /* Sources */ = {
			isa = PBXSourcesBuildPhase;
			buildActionMask = 2147483647;
			files = (
				8D6E882D286E57C400D31308 /* Audio_RecorderUITests.swift in Sources */,
			);
			runOnlyForDeploymentPostprocessing = 0;
		};
/* End PBXSourcesBuildPhase section */

/* Begin PBXTargetDependency section */
		8D6E881F286E57C400D31308 /* PBXTargetDependency */ = {
			isa = PBXTargetDependency;
			target = 8D6E8806286E57BC00D31308 /* Audio-Recorder */;
			targetProxy = 8D6E881E286E57C400D31308 /* PBXContainerItemProxy */;
		};
		8D6E882A286E57C400D31308 /* PBXTargetDependency */ = {
			isa = PBXTargetDependency;
			target = 8D6E8806286E57BC00D31308 /* Audio-Recorder */;
			targetProxy = 8D6E8829286E57C400D31308 /* PBXContainerItemProxy */;
		};
/* End PBXTargetDependency section */

/* Begin PBXVariantGroup section */
		8D6E8810286E57BC00D31308 /* Main.storyboard */ = {
			isa = PBXVariantGroup;
			children = (
				8D6E8811286E57BC00D31308 /* Base */,
			);
			name = Main.storyboard;
			sourceTree = "<group>";
		};
		8D6E8815286E57C400D31308 /* LaunchScreen.storyboard */ = {
			isa = PBXVariantGroup;
			children = (
				8D6E8816286E57C400D31308 /* Base */,
			);
			name = LaunchScreen.storyboard;
			sourceTree = "<group>";
		};
/* End PBXVariantGroup section */

/* Begin XCBuildConfiguration section */
		8D6E882F286E57C400D31308 /* Debug */ = {
			isa = XCBuildConfiguration;
			buildSettings = {
				ALWAYS_SEARCH_USER_PATHS = NO;
				CLANG_ANALYZER_NONNULL = YES;
				CLANG_ANALYZER_NUMBER_OBJECT_CONVERSION = YES_AGGRESSIVE;
				CLANG_CXX_LANGUAGE_STANDARD = "gnu++14";
				CLANG_CXX_LIBRARY = "libc++";
				CLANG_ENABLE_MODULES = YES;
				CLANG_ENABLE_OBJC_ARC = YES;
				CLANG_ENABLE_OBJC_WEAK = YES;
				CLANG_WARN_BLOCK_CAPTURE_AUTORELEASING = YES;
				CLANG_WARN_BOOL_CONVERSION = YES;
				CLANG_WARN_COMMA = YES;
				CLANG_WARN_CONSTANT_CONVERSION = YES;
				CLANG_WARN_DEPRECATED_OBJC_IMPLEMENTATIONS = YES;
				CLANG_WARN_DIRECT_OBJC_ISA_USAGE = YES_ERROR;
				CLANG_WARN_DOCUMENTATION_COMMENTS = YES;
				CLANG_WARN_EMPTY_BODY = YES;
				CLANG_WARN_ENUM_CONVERSION = YES;
				CLANG_WARN_INFINITE_RECURSION = YES;
				CLANG_WARN_INT_CONVERSION = YES;
				CLANG_WARN_NON_LITERAL_NULL_CONVERSION = YES;
				CLANG_WARN_OBJC_IMPLICIT_RETAIN_SELF = YES;
				CLANG_WARN_OBJC_LITERAL_CONVERSION = YES;
				CLANG_WARN_OBJC_ROOT_CLASS = YES_ERROR;
				CLANG_WARN_QUOTED_INCLUDE_IN_FRAMEWORK_HEADER = YES;
				CLANG_WARN_RANGE_LOOP_ANALYSIS = YES;
				CLANG_WARN_STRICT_PROTOTYPES = YES;
				CLANG_WARN_SUSPICIOUS_MOVE = YES;
				CLANG_WARN_UNGUARDED_AVAILABILITY = YES_AGGRESSIVE;
				CLANG_WARN_UNREACHABLE_CODE = YES;
				CLANG_WARN__DUPLICATE_METHOD_MATCH = YES;
				COPY_PHASE_STRIP = NO;
				DEBUG_INFORMATION_FORMAT = dwarf;
				ENABLE_STRICT_OBJC_MSGSEND = YES;
				ENABLE_TESTABILITY = YES;
				GCC_C_LANGUAGE_STANDARD = gnu11;
				GCC_DYNAMIC_NO_PIC = NO;
				GCC_NO_COMMON_BLOCKS = YES;
				GCC_OPTIMIZATION_LEVEL = 0;
				GCC_PREPROCESSOR_DEFINITIONS = (
					"DEBUG=1",
					"$(inherited)",
				);
				GCC_WARN_64_TO_32_BIT_CONVERSION = YES;
				GCC_WARN_ABOUT_RETURN_TYPE = YES_ERROR;
				GCC_WARN_UNDECLARED_SELECTOR = YES;
				GCC_WARN_UNINITIALIZED_AUTOS = YES_AGGRESSIVE;
				GCC_WARN_UNUSED_FUNCTION = YES;
				GCC_WARN_UNUSED_VARIABLE = YES;
				IPHONEOS_DEPLOYMENT_TARGET = 14.4;
				MTL_ENABLE_DEBUG_INFO = INCLUDE_SOURCE;
				MTL_FAST_MATH = YES;
				ONLY_ACTIVE_ARCH = YES;
				SDKROOT = iphoneos;
				SWIFT_ACTIVE_COMPILATION_CONDITIONS = DEBUG;
				SWIFT_OPTIMIZATION_LEVEL = "-Onone";
			};
			name = Debug;
		};
		8D6E8830286E57C400D31308 /* Release */ = {
			isa = XCBuildConfiguration;
			buildSettings = {
				ALWAYS_SEARCH_USER_PATHS = NO;
				CLANG_ANALYZER_NONNULL = YES;
				CLANG_ANALYZER_NUMBER_OBJECT_CONVERSION = YES_AGGRESSIVE;
				CLANG_CXX_LANGUAGE_STANDARD = "gnu++14";
				CLANG_CXX_LIBRARY = "libc++";
				CLANG_ENABLE_MODULES = YES;
				CLANG_ENABLE_OBJC_ARC = YES;
				CLANG_ENABLE_OBJC_WEAK = YES;
				CLANG_WARN_BLOCK_CAPTURE_AUTORELEASING = YES;
				CLANG_WARN_BOOL_CONVERSION = YES;
				CLANG_WARN_COMMA = YES;
				CLANG_WARN_CONSTANT_CONVERSION = YES;
				CLANG_WARN_DEPRECATED_OBJC_IMPLEMENTATIONS = YES;
				CLANG_WARN_DIRECT_OBJC_ISA_USAGE = YES_ERROR;
				CLANG_WARN_DOCUMENTATION_COMMENTS = YES;
				CLANG_WARN_EMPTY_BODY = YES;
				CLANG_WARN_ENUM_CONVERSION = YES;
				CLANG_WARN_INFINITE_RECURSION = YES;
				CLANG_WARN_INT_CONVERSION = YES;
				CLANG_WARN_NON_LITERAL_NULL_CONVERSION = YES;
				CLANG_WARN_OBJC_IMPLICIT_RETAIN_SELF = YES;
				CLANG_WARN_OBJC_LITERAL_CONVERSION = YES;
				CLANG_WARN_OBJC_ROOT_CLASS = YES_ERROR;
				CLANG_WARN_QUOTED_INCLUDE_IN_FRAMEWORK_HEADER = YES;
				CLANG_WARN_RANGE_LOOP_ANALYSIS = YES;
				CLANG_WARN_STRICT_PROTOTYPES = YES;
				CLANG_WARN_SUSPICIOUS_MOVE = YES;
				CLANG_WARN_UNGUARDED_AVAILABILITY = YES_AGGRESSIVE;
				CLANG_WARN_UNREACHABLE_CODE = YES;
				CLANG_WARN__DUPLICATE_METHOD_MATCH = YES;
				COPY_PHASE_STRIP = NO;
				DEBUG_INFORMATION_FORMAT = "dwarf-with-dsym";
				ENABLE_NS_ASSERTIONS = NO;
				ENABLE_STRICT_OBJC_MSGSEND = YES;
				GCC_C_LANGUAGE_STANDARD = gnu11;
				GCC_NO_COMMON_BLOCKS = YES;
				GCC_WARN_64_TO_32_BIT_CONVERSION = YES;
				GCC_WARN_ABOUT_RETURN_TYPE = YES_ERROR;
				GCC_WARN_UNDECLARED_SELECTOR = YES;
				GCC_WARN_UNINITIALIZED_AUTOS = YES_AGGRESSIVE;
				GCC_WARN_UNUSED_FUNCTION = YES;
				GCC_WARN_UNUSED_VARIABLE = YES;
				IPHONEOS_DEPLOYMENT_TARGET = 14.4;
				MTL_ENABLE_DEBUG_INFO = NO;
				MTL_FAST_MATH = YES;
				SDKROOT = iphoneos;
				SWIFT_COMPILATION_MODE = wholemodule;
				SWIFT_OPTIMIZATION_LEVEL = "-O";
				VALIDATE_PRODUCT = YES;
			};
			name = Release;
		};
		8D6E8832286E57C400D31308 /* Debug */ = {
			isa = XCBuildConfiguration;
			buildSettings = {
				ASSETCATALOG_COMPILER_APPICON_NAME = AppIcon;
				ASSETCATALOG_COMPILER_GLOBAL_ACCENT_COLOR_NAME = AccentColor;
				CODE_SIGN_STYLE = Automatic;
				INFOPLIST_FILE = "Audio-Recorder/Info.plist";
				LD_RUNPATH_SEARCH_PATHS = (
					"$(inherited)",
					"@executable_path/Frameworks",
				);
				PRODUCT_BUNDLE_IDENTIFIER = "sdv.Audio-Recorder";
				PRODUCT_NAME = "$(TARGET_NAME)";
				SWIFT_VERSION = 5.0;
				TARGETED_DEVICE_FAMILY = "1,2";
			};
			name = Debug;
		};
		8D6E8833286E57C400D31308 /* Release */ = {
			isa = XCBuildConfiguration;
			buildSettings = {
				ASSETCATALOG_COMPILER_APPICON_NAME = AppIcon;
				ASSETCATALOG_COMPILER_GLOBAL_ACCENT_COLOR_NAME = AccentColor;
				CODE_SIGN_STYLE = Automatic;
				INFOPLIST_FILE = "Audio-Recorder/Info.plist";
				LD_RUNPATH_SEARCH_PATHS = (
					"$(inherited)",
					"@executable_path/Frameworks",
				);
				PRODUCT_BUNDLE_IDENTIFIER = "sdv.Audio-Recorder";
				PRODUCT_NAME = "$(TARGET_NAME)";
				SWIFT_VERSION = 5.0;
				TARGETED_DEVICE_FAMILY = "1,2";
			};
			name = Release;
		};
		8D6E8835286E57C400D31308 /* Debug */ = {
			isa = XCBuildConfiguration;
			buildSettings = {
				ALWAYS_EMBED_SWIFT_STANDARD_LIBRARIES = YES;
				BUNDLE_LOADER = "$(TEST_HOST)";
				CODE_SIGN_STYLE = Automatic;
				INFOPLIST_FILE = "Audio-RecorderTests/Info.plist";
				IPHONEOS_DEPLOYMENT_TARGET = 14.4;
				LD_RUNPATH_SEARCH_PATHS = (
					"$(inherited)",
					"@executable_path/Frameworks",
					"@loader_path/Frameworks",
				);
				PRODUCT_BUNDLE_IDENTIFIER = "sdv.Audio-RecorderTests";
				PRODUCT_NAME = "$(TARGET_NAME)";
				SWIFT_VERSION = 5.0;
				TARGETED_DEVICE_FAMILY = "1,2";
				TEST_HOST = "$(BUILT_PRODUCTS_DIR)/Audio-Recorder.app/Audio-Recorder";
			};
			name = Debug;
		};
		8D6E8836286E57C400D31308 /* Release */ = {
			isa = XCBuildConfiguration;
			buildSettings = {
				ALWAYS_EMBED_SWIFT_STANDARD_LIBRARIES = YES;
				BUNDLE_LOADER = "$(TEST_HOST)";
				CODE_SIGN_STYLE = Automatic;
				INFOPLIST_FILE = "Audio-RecorderTests/Info.plist";
				IPHONEOS_DEPLOYMENT_TARGET = 14.4;
				LD_RUNPATH_SEARCH_PATHS = (
					"$(inherited)",
					"@executable_path/Frameworks",
					"@loader_path/Frameworks",
				);
				PRODUCT_BUNDLE_IDENTIFIER = "sdv.Audio-RecorderTests";
				PRODUCT_NAME = "$(TARGET_NAME)";
				SWIFT_VERSION = 5.0;
				TARGETED_DEVICE_FAMILY = "1,2";
				TEST_HOST = "$(BUILT_PRODUCTS_DIR)/Audio-Recorder.app/Audio-Recorder";
			};
			name = Release;
		};
		8D6E8838286E57C400D31308 /* Debug */ = {
			isa = XCBuildConfiguration;
			buildSettings = {
				ALWAYS_EMBED_SWIFT_STANDARD_LIBRARIES = YES;
				CODE_SIGN_STYLE = Automatic;
				INFOPLIST_FILE = "Audio-RecorderUITests/Info.plist";
				LD_RUNPATH_SEARCH_PATHS = (
					"$(inherited)",
					"@executable_path/Frameworks",
					"@loader_path/Frameworks",
				);
				PRODUCT_BUNDLE_IDENTIFIER = "sdv.Audio-RecorderUITests";
				PRODUCT_NAME = "$(TARGET_NAME)";
				SWIFT_VERSION = 5.0;
				TARGETED_DEVICE_FAMILY = "1,2";
				TEST_TARGET_NAME = "Audio-Recorder";
			};
			name = Debug;
		};
		8D6E8839286E57C400D31308 /* Release */ = {
			isa = XCBuildConfiguration;
			buildSettings = {
				ALWAYS_EMBED_SWIFT_STANDARD_LIBRARIES = YES;
				CODE_SIGN_STYLE = Automatic;
				INFOPLIST_FILE = "Audio-RecorderUITests/Info.plist";
				LD_RUNPATH_SEARCH_PATHS = (
					"$(inherited)",
					"@executable_path/Frameworks",
					"@loader_path/Frameworks",
				);
				PRODUCT_BUNDLE_IDENTIFIER = "sdv.Audio-RecorderUITests";
				PRODUCT_NAME = "$(TARGET_NAME)";
				SWIFT_VERSION = 5.0;
				TARGETED_DEVICE_FAMILY = "1,2";
				TEST_TARGET_NAME = "Audio-Recorder";
			};
			name = Release;
		};
/* End XCBuildConfiguration section */

/* Begin XCConfigurationList section */
		8D6E8802286E57BC00D31308 /* Build configuration list for PBXProject "Audio-Recorder" */ = {
			isa = XCConfigurationList;
			buildConfigurations = (
				8D6E882F286E57C400D31308 /* Debug */,
				8D6E8830286E57C400D31308 /* Release */,
			);
			defaultConfigurationIsVisible = 0;
			defaultConfigurationName = Release;
		};
		8D6E8831286E57C400D31308 /* Build configuration list for PBXNativeTarget "Audio-Recorder" */ = {
			isa = XCConfigurationList;
			buildConfigurations = (
				8D6E8832286E57C400D31308 /* Debug */,
				8D6E8833286E57C400D31308 /* Release */,
			);
			defaultConfigurationIsVisible = 0;
			defaultConfigurationName = Release;
		};
		8D6E8834286E57C400D31308 /* Build configuration list for PBXNativeTarget "Audio-RecorderTests" */ = {
			isa = XCConfigurationList;
			buildConfigurations = (
				8D6E8835286E57C400D31308 /* Debug */,
				8D6E8836286E57C400D31308 /* Release */,
			);
			defaultConfigurationIsVisible = 0;
			defaultConfigurationName = Release;
		};
		8D6E8837286E57C400D31308 /* Build configuration list for PBXNativeTarget "Audio-RecorderUITests" */ = {
			isa = XCConfigurationList;
			buildConfigurations = (
				8D6E8838286E57C400D31308 /* Debug */,
				8D6E8839286E57C400D31308 /* Release */,
			);
			defaultConfigurationIsVisible = 0;
			defaultConfigurationName = Release;
		};
/* End XCConfigurationList section */
	};
	rootObject = 8D6E87FF286E57BC00D31308 /* Project object */;
}
